// !$*UTF8*$!
{
	archiveVersion = 1;
	classes = {
	};
	objectVersion = 50;
	objects = {

/* Begin PBXBuildFile section */
		BB1AD78621A5363200FE02B4 /* AppDelegate.m in Sources */ = {isa = PBXBuildFile; fileRef = BB1AD78521A5363200FE02B4 /* AppDelegate.m */; };
		BB1AD78921A5363200FE02B4 /* ViewController.m in Sources */ = {isa = PBXBuildFile; fileRef = BB1AD78821A5363200FE02B4 /* ViewController.m */; };
		BB1AD78E21A5363600FE02B4 /* Assets.xcassets in Resources */ = {isa = PBXBuildFile; fileRef = BB1AD78D21A5363600FE02B4 /* Assets.xcassets */; };
		BB1AD79421A5363600FE02B4 /* main.m in Sources */ = {isa = PBXBuildFile; fileRef = BB1AD79321A5363600FE02B4 /* main.m */; };
		BB1AD79D21A5369900FE02B4 /* ORBCalendarActionFlow.m in Sources */ = {isa = PBXBuildFile; fileRef = BB1AD79C21A5369900FE02B4 /* ORBCalendarActionFlow.m */; };
		BB1AD7BD21A536DF00FE02B4 /* FSCalendarCollectionView.m in Sources */ = {isa = PBXBuildFile; fileRef = BB1AD79F21A536DF00FE02B4 /* FSCalendarCollectionView.m */; };
		BB1AD7BE21A536DF00FE02B4 /* FSCalendarDelegateProxy.m in Sources */ = {isa = PBXBuildFile; fileRef = BB1AD7A421A536DF00FE02B4 /* FSCalendarDelegateProxy.m */; };
		BB1AD7BF21A536DF00FE02B4 /* FSCalendarAnimator.m in Sources */ = {isa = PBXBuildFile; fileRef = BB1AD7A821A536DF00FE02B4 /* FSCalendarAnimator.m */; };
		BB1AD7C021A536DF00FE02B4 /* FSCalendarCell.m in Sources */ = {isa = PBXBuildFile; fileRef = BB1AD7AA21A536DF00FE02B4 /* FSCalendarCell.m */; };
		BB1AD7C121A536DF00FE02B4 /* FSCalendarStickyHeader.m in Sources */ = {isa = PBXBuildFile; fileRef = BB1AD7AB21A536DF00FE02B4 /* FSCalendarStickyHeader.m */; };
		BB1AD7C221A536DF00FE02B4 /* FSCalendar.m in Sources */ = {isa = PBXBuildFile; fileRef = BB1AD7AC21A536DF00FE02B4 /* FSCalendar.m */; };
		BB1AD7C321A536DF00FE02B4 /* FSCalendarCollectionViewLayout.m in Sources */ = {isa = PBXBuildFile; fileRef = BB1AD7AD21A536DF00FE02B4 /* FSCalendarCollectionViewLayout.m */; };
		BB1AD7C421A536DF00FE02B4 /* FSCalendarScopeHandle.m in Sources */ = {isa = PBXBuildFile; fileRef = BB1AD7AE21A536DF00FE02B4 /* FSCalendarScopeHandle.m */; };
		BB1AD7C521A536DF00FE02B4 /* FSCalendarWeekdayView.m in Sources */ = {isa = PBXBuildFile; fileRef = BB1AD7AF21A536DF00FE02B4 /* FSCalendarWeekdayView.m */; };
		BB1AD7C621A536DF00FE02B4 /* FSCalendarExtensions.m in Sources */ = {isa = PBXBuildFile; fileRef = BB1AD7B321A536DF00FE02B4 /* FSCalendarExtensions.m */; };
		BB1AD7C721A536DF00FE02B4 /* FSCalendar+Deprecated.m in Sources */ = {isa = PBXBuildFile; fileRef = BB1AD7B521A536DF00FE02B4 /* FSCalendar+Deprecated.m */; };
		BB1AD7C821A536DF00FE02B4 /* FSCalendarConstants.m in Sources */ = {isa = PBXBuildFile; fileRef = BB1AD7B621A536DF00FE02B4 /* FSCalendarConstants.m */; };
		BB1AD7C921A536DF00FE02B4 /* FSCalendarCalculator.m in Sources */ = {isa = PBXBuildFile; fileRef = BB1AD7B721A536DF00FE02B4 /* FSCalendarCalculator.m */; };
		BB1AD7CA21A536DF00FE02B4 /* FSCalendarHeaderView.m in Sources */ = {isa = PBXBuildFile; fileRef = BB1AD7B821A536DF00FE02B4 /* FSCalendarHeaderView.m */; };
		BB1AD7CB21A536DF00FE02B4 /* FSCalendarAppearance.m in Sources */ = {isa = PBXBuildFile; fileRef = BB1AD7BC21A536DF00FE02B4 /* FSCalendarAppearance.m */; };
		BB1AD7CD21A537CB00FE02B4 /* Default-568h@2x.png in Resources */ = {isa = PBXBuildFile; fileRef = BB1AD7CC21A537CA00FE02B4 /* Default-568h@2x.png */; };
		BB1AD7D121A53C9F00FE02B4 /* Main.storyboard in Resources */ = {isa = PBXBuildFile; fileRef = BB1AD78A21A5363200FE02B4 /* Main.storyboard */; };
		BB1AD7D221A53CA300FE02B4 /* LaunchScreen.storyboard in Resources */ = {isa = PBXBuildFile; fileRef = BB1AD78F21A5363600FE02B4 /* LaunchScreen.storyboard */; };
/* End PBXBuildFile section */

/* Begin PBXFileReference section */
		BB1AD78121A5363200FE02B4 /* ORBCalendarActionFlow.app */ = {isa = PBXFileReference; explicitFileType = wrapper.application; includeInIndex = 0; path = ORBCalendarActionFlow.app; sourceTree = BUILT_PRODUCTS_DIR; };
		BB1AD78421A5363200FE02B4 /* AppDelegate.h */ = {isa = PBXFileReference; lastKnownFileType = sourcecode.c.h; path = AppDelegate.h; sourceTree = "<group>"; };
		BB1AD78521A5363200FE02B4 /* AppDelegate.m */ = {isa = PBXFileReference; lastKnownFileType = sourcecode.c.objc; path = AppDelegate.m; sourceTree = "<group>"; };
		BB1AD78721A5363200FE02B4 /* ViewController.h */ = {isa = PBXFileReference; lastKnownFileType = sourcecode.c.h; path = ViewController.h; sourceTree = "<group>"; };
		BB1AD78821A5363200FE02B4 /* ViewController.m */ = {isa = PBXFileReference; lastKnownFileType = sourcecode.c.objc; path = ViewController.m; sourceTree = "<group>"; };
		BB1AD78B21A5363200FE02B4 /* Base */ = {isa = PBXFileReference; lastKnownFileType = file.storyboard; name = Base; path = Base.lproj/Main.storyboard; sourceTree = "<group>"; };
		BB1AD78D21A5363600FE02B4 /* Assets.xcassets */ = {isa = PBXFileReference; lastKnownFileType = folder.assetcatalog; path = Assets.xcassets; sourceTree = "<group>"; };
		BB1AD79021A5363600FE02B4 /* Base */ = {isa = PBXFileReference; lastKnownFileType = file.storyboard; name = Base; path = Base.lproj/LaunchScreen.storyboard; sourceTree = "<group>"; };
		BB1AD79321A5363600FE02B4 /* main.m */ = {isa = PBXFileReference; lastKnownFileType = sourcecode.c.objc; path = main.m; sourceTree = "<group>"; };
		BB1AD79B21A5369900FE02B4 /* ORBCalendarActionFlow.h */ = {isa = PBXFileReference; fileEncoding = 4; lastKnownFileType = sourcecode.c.h; path = ORBCalendarActionFlow.h; sourceTree = "<group>"; };
		BB1AD79C21A5369900FE02B4 /* ORBCalendarActionFlow.m */ = {isa = PBXFileReference; fileEncoding = 4; lastKnownFileType = sourcecode.c.objc; path = ORBCalendarActionFlow.m; sourceTree = "<group>"; };
		BB1AD79F21A536DF00FE02B4 /* FSCalendarCollectionView.m */ = {isa = PBXFileReference; fileEncoding = 4; lastKnownFileType = sourcecode.c.objc; path = FSCalendarCollectionView.m; sourceTree = "<group>"; };
		BB1AD7A021A536DF00FE02B4 /* FSCalendarWeekdayView.h */ = {isa = PBXFileReference; fileEncoding = 4; lastKnownFileType = sourcecode.c.h; path = FSCalendarWeekdayView.h; sourceTree = "<group>"; };
		BB1AD7A121A536DF00FE02B4 /* FSCalendarCollectionViewLayout.h */ = {isa = PBXFileReference; fileEncoding = 4; lastKnownFileType = sourcecode.c.h; path = FSCalendarCollectionViewLayout.h; sourceTree = "<group>"; };
		BB1AD7A221A536DF00FE02B4 /* FSCalendarScopeHandle.h */ = {isa = PBXFileReference; fileEncoding = 4; lastKnownFileType = sourcecode.c.h; path = FSCalendarScopeHandle.h; sourceTree = "<group>"; };
		BB1AD7A321A536DF00FE02B4 /* FSCalendarExtensions.h */ = {isa = PBXFileReference; fileEncoding = 4; lastKnownFileType = sourcecode.c.h; path = FSCalendarExtensions.h; sourceTree = "<group>"; };
		BB1AD7A421A536DF00FE02B4 /* FSCalendarDelegateProxy.m */ = {isa = PBXFileReference; fileEncoding = 4; lastKnownFileType = sourcecode.c.objc; path = FSCalendarDelegateProxy.m; sourceTree = "<group>"; };
		BB1AD7A521A536DF00FE02B4 /* FSCalendarCalculator.h */ = {isa = PBXFileReference; fileEncoding = 4; lastKnownFileType = sourcecode.c.h; path = FSCalendarCalculator.h; sourceTree = "<group>"; };
		BB1AD7A621A536DF00FE02B4 /* FSCalendarHeaderView.h */ = {isa = PBXFileReference; fileEncoding = 4; lastKnownFileType = sourcecode.c.h; path = FSCalendarHeaderView.h; sourceTree = "<group>"; };
		BB1AD7A721A536DF00FE02B4 /* FSCalendarConstants.h */ = {isa = PBXFileReference; fileEncoding = 4; lastKnownFileType = sourcecode.c.h; path = FSCalendarConstants.h; sourceTree = "<group>"; };
		BB1AD7A821A536DF00FE02B4 /* FSCalendarAnimator.m */ = {isa = PBXFileReference; fileEncoding = 4; lastKnownFileType = sourcecode.c.objc; path = FSCalendarAnimator.m; sourceTree = "<group>"; };
		BB1AD7A921A536DF00FE02B4 /* FSCalendarAppearance.h */ = {isa = PBXFileReference; fileEncoding = 4; lastKnownFileType = sourcecode.c.h; path = FSCalendarAppearance.h; sourceTree = "<group>"; };
		BB1AD7AA21A536DF00FE02B4 /* FSCalendarCell.m */ = {isa = PBXFileReference; fileEncoding = 4; lastKnownFileType = sourcecode.c.objc; path = FSCalendarCell.m; sourceTree = "<group>"; };
		BB1AD7AB21A536DF00FE02B4 /* FSCalendarStickyHeader.m */ = {isa = PBXFileReference; fileEncoding = 4; lastKnownFileType = sourcecode.c.objc; path = FSCalendarStickyHeader.m; sourceTree = "<group>"; };
		BB1AD7AC21A536DF00FE02B4 /* FSCalendar.m */ = {isa = PBXFileReference; fileEncoding = 4; lastKnownFileType = sourcecode.c.objc; path = FSCalendar.m; sourceTree = "<group>"; };
		BB1AD7AD21A536DF00FE02B4 /* FSCalendarCollectionViewLayout.m */ = {isa = PBXFileReference; fileEncoding = 4; lastKnownFileType = sourcecode.c.objc; path = FSCalendarCollectionViewLayout.m; sourceTree = "<group>"; };
		BB1AD7AE21A536DF00FE02B4 /* FSCalendarScopeHandle.m */ = {isa = PBXFileReference; fileEncoding = 4; lastKnownFileType = sourcecode.c.objc; path = FSCalendarScopeHandle.m; sourceTree = "<group>"; };
		BB1AD7AF21A536DF00FE02B4 /* FSCalendarWeekdayView.m */ = {isa = PBXFileReference; fileEncoding = 4; lastKnownFileType = sourcecode.c.objc; path = FSCalendarWeekdayView.m; sourceTree = "<group>"; };
		BB1AD7B021A536DF00FE02B4 /* FSCalendarCollectionView.h */ = {isa = PBXFileReference; fileEncoding = 4; lastKnownFileType = sourcecode.c.h; path = FSCalendarCollectionView.h; sourceTree = "<group>"; };
		BB1AD7B121A536DF00FE02B4 /* FSCalendarDynamicHeader.h */ = {isa = PBXFileReference; fileEncoding = 4; lastKnownFileType = sourcecode.c.h; path = FSCalendarDynamicHeader.h; sourceTree = "<group>"; };
		BB1AD7B221A536DF00FE02B4 /* FSCalendarDelegateProxy.h */ = {isa = PBXFileReference; fileEncoding = 4; lastKnownFileType = sourcecode.c.h; path = FSCalendarDelegateProxy.h; sourceTree = "<group>"; };
		BB1AD7B321A536DF00FE02B4 /* FSCalendarExtensions.m */ = {isa = PBXFileReference; fileEncoding = 4; lastKnownFileType = sourcecode.c.objc; path = FSCalendarExtensions.m; sourceTree = "<group>"; };
		BB1AD7B421A536DF00FE02B4 /* FSCalendarAnimator.h */ = {isa = PBXFileReference; fileEncoding = 4; lastKnownFileType = sourcecode.c.h; path = FSCalendarAnimator.h; sourceTree = "<group>"; };
		BB1AD7B521A536DF00FE02B4 /* FSCalendar+Deprecated.m */ = {isa = PBXFileReference; fileEncoding = 4; lastKnownFileType = sourcecode.c.objc; path = "FSCalendar+Deprecated.m"; sourceTree = "<group>"; };
		BB1AD7B621A536DF00FE02B4 /* FSCalendarConstants.m */ = {isa = PBXFileReference; fileEncoding = 4; lastKnownFileType = sourcecode.c.objc; path = FSCalendarConstants.m; sourceTree = "<group>"; };
		BB1AD7B721A536DF00FE02B4 /* FSCalendarCalculator.m */ = {isa = PBXFileReference; fileEncoding = 4; lastKnownFileType = sourcecode.c.objc; path = FSCalendarCalculator.m; sourceTree = "<group>"; };
		BB1AD7B821A536DF00FE02B4 /* FSCalendarHeaderView.m */ = {isa = PBXFileReference; fileEncoding = 4; lastKnownFileType = sourcecode.c.objc; path = FSCalendarHeaderView.m; sourceTree = "<group>"; };
		BB1AD7B921A536DF00FE02B4 /* FSCalendarStickyHeader.h */ = {isa = PBXFileReference; fileEncoding = 4; lastKnownFileType = sourcecode.c.h; path = FSCalendarStickyHeader.h; sourceTree = "<group>"; };
		BB1AD7BA21A536DF00FE02B4 /* FSCalendar.h */ = {isa = PBXFileReference; fileEncoding = 4; lastKnownFileType = sourcecode.c.h; path = FSCalendar.h; sourceTree = "<group>"; };
		BB1AD7BB21A536DF00FE02B4 /* FSCalendarCell.h */ = {isa = PBXFileReference; fileEncoding = 4; lastKnownFileType = sourcecode.c.h; path = FSCalendarCell.h; sourceTree = "<group>"; };
		BB1AD7BC21A536DF00FE02B4 /* FSCalendarAppearance.m */ = {isa = PBXFileReference; fileEncoding = 4; lastKnownFileType = sourcecode.c.objc; path = FSCalendarAppearance.m; sourceTree = "<group>"; };
		BB1AD7CC21A537CA00FE02B4 /* Default-568h@2x.png */ = {isa = PBXFileReference; lastKnownFileType = image.png; path = "Default-568h@2x.png"; sourceTree = "<group>"; };
		BB1AD7CF21A538EC00FE02B4 /* Info.plist */ = {isa = PBXFileReference; fileEncoding = 4; lastKnownFileType = text.plist.xml; path = Info.plist; sourceTree = "<group>"; };
/* End PBXFileReference section */

/* Begin PBXFrameworksBuildPhase section */
		BB1AD77E21A5363200FE02B4 /* Frameworks */ = {
			isa = PBXFrameworksBuildPhase;
			buildActionMask = 2147483647;
			files = (
			);
			runOnlyForDeploymentPostprocessing = 0;
		};
/* End PBXFrameworksBuildPhase section */

/* Begin PBXGroup section */
		BB1AD77821A5363200FE02B4 = {
			isa = PBXGroup;
			children = (
				BB1AD7CC21A537CA00FE02B4 /* Default-568h@2x.png */,
				BB1AD78321A5363200FE02B4 /* ORBCalendarActionFlow */,
				BB1AD78221A5363200FE02B4 /* Products */,
			);
			sourceTree = "<group>";
		};
		BB1AD78221A5363200FE02B4 /* Products */ = {
			isa = PBXGroup;
			children = (
				BB1AD78121A5363200FE02B4 /* ORBCalendarActionFlow.app */,
			);
			name = Products;
			sourceTree = "<group>";
		};
		BB1AD78321A5363200FE02B4 /* ORBCalendarActionFlow */ = {
			isa = PBXGroup;
			children = (
				BB1AD79A21A5369200FE02B4 /* Class */,
				BB1AD78421A5363200FE02B4 /* AppDelegate.h */,
				BB1AD78521A5363200FE02B4 /* AppDelegate.m */,
				BB1AD78721A5363200FE02B4 /* ViewController.h */,
				BB1AD78821A5363200FE02B4 /* ViewController.m */,
				BB1AD78A21A5363200FE02B4 /* Main.storyboard */,
				BB1AD78D21A5363600FE02B4 /* Assets.xcassets */,
				BB1AD7CF21A538EC00FE02B4 /* Info.plist */,
				BB1AD78F21A5363600FE02B4 /* LaunchScreen.storyboard */,
				BB1AD79321A5363600FE02B4 /* main.m */,
			);
			path = ORBCalendarActionFlow;
			sourceTree = "<group>";
		};
		BB1AD79A21A5369200FE02B4 /* Class */ = {
			isa = PBXGroup;
			children = (
				BB1AD79E21A536DF00FE02B4 /* FSCalendar */,
				BB1AD79B21A5369900FE02B4 /* ORBCalendarActionFlow.h */,
				BB1AD79C21A5369900FE02B4 /* ORBCalendarActionFlow.m */,
			);
			path = Class;
			sourceTree = SOURCE_ROOT;
		};
		BB1AD79E21A536DF00FE02B4 /* FSCalendar */ = {
			isa = PBXGroup;
			children = (
				BB1AD79F21A536DF00FE02B4 /* FSCalendarCollectionView.m */,
				BB1AD7A021A536DF00FE02B4 /* FSCalendarWeekdayView.h */,
				BB1AD7A121A536DF00FE02B4 /* FSCalendarCollectionViewLayout.h */,
				BB1AD7A221A536DF00FE02B4 /* FSCalendarScopeHandle.h */,
				BB1AD7A321A536DF00FE02B4 /* FSCalendarExtensions.h */,
				BB1AD7A421A536DF00FE02B4 /* FSCalendarDelegateProxy.m */,
				BB1AD7A521A536DF00FE02B4 /* FSCalendarCalculator.h */,
				BB1AD7A621A536DF00FE02B4 /* FSCalendarHeaderView.h */,
				BB1AD7A721A536DF00FE02B4 /* FSCalendarConstants.h */,
				BB1AD7A821A536DF00FE02B4 /* FSCalendarAnimator.m */,
				BB1AD7A921A536DF00FE02B4 /* FSCalendarAppearance.h */,
				BB1AD7AA21A536DF00FE02B4 /* FSCalendarCell.m */,
				BB1AD7AB21A536DF00FE02B4 /* FSCalendarStickyHeader.m */,
				BB1AD7AC21A536DF00FE02B4 /* FSCalendar.m */,
				BB1AD7AD21A536DF00FE02B4 /* FSCalendarCollectionViewLayout.m */,
				BB1AD7AE21A536DF00FE02B4 /* FSCalendarScopeHandle.m */,
				BB1AD7AF21A536DF00FE02B4 /* FSCalendarWeekdayView.m */,
				BB1AD7B021A536DF00FE02B4 /* FSCalendarCollectionView.h */,
				BB1AD7B121A536DF00FE02B4 /* FSCalendarDynamicHeader.h */,
				BB1AD7B221A536DF00FE02B4 /* FSCalendarDelegateProxy.h */,
				BB1AD7B321A536DF00FE02B4 /* FSCalendarExtensions.m */,
				BB1AD7B421A536DF00FE02B4 /* FSCalendarAnimator.h */,
				BB1AD7B521A536DF00FE02B4 /* FSCalendar+Deprecated.m */,
				BB1AD7B621A536DF00FE02B4 /* FSCalendarConstants.m */,
				BB1AD7B721A536DF00FE02B4 /* FSCalendarCalculator.m */,
				BB1AD7B821A536DF00FE02B4 /* FSCalendarHeaderView.m */,
				BB1AD7B921A536DF00FE02B4 /* FSCalendarStickyHeader.h */,
				BB1AD7BA21A536DF00FE02B4 /* FSCalendar.h */,
				BB1AD7BB21A536DF00FE02B4 /* FSCalendarCell.h */,
				BB1AD7BC21A536DF00FE02B4 /* FSCalendarAppearance.m */,
			);
			path = FSCalendar;
			sourceTree = "<group>";
		};
/* End PBXGroup section */

/* Begin PBXNativeTarget section */
		BB1AD78021A5363200FE02B4 /* ORBCalendarActionFlow */ = {
			isa = PBXNativeTarget;
			buildConfigurationList = BB1AD79721A5363600FE02B4 /* Build configuration list for PBXNativeTarget "ORBCalendarActionFlow" */;
			buildPhases = (
				BB1AD77D21A5363200FE02B4 /* Sources */,
				BB1AD77E21A5363200FE02B4 /* Frameworks */,
				BB1AD77F21A5363200FE02B4 /* Resources */,
			);
			buildRules = (
			);
			dependencies = (
			);
			name = ORBCalendarActionFlow;
			productName = ORBCalendarActionFlow;
			productReference = BB1AD78121A5363200FE02B4 /* ORBCalendarActionFlow.app */;
			productType = "com.apple.product-type.application";
		};
/* End PBXNativeTarget section */

/* Begin PBXProject section */
		BB1AD77921A5363200FE02B4 /* Project object */ = {
			isa = PBXProject;
			attributes = {
				LastUpgradeCheck = 1010;
				ORGANIZATIONNAME = "Orbweb Inc.";
				TargetAttributes = {
					BB1AD78021A5363200FE02B4 = {
						CreatedOnToolsVersion = 10.1;
					};
				};
			};
			buildConfigurationList = BB1AD77C21A5363200FE02B4 /* Build configuration list for PBXProject "ORBCalendarActionFlow" */;
			compatibilityVersion = "Xcode 9.3";
			developmentRegion = en;
			hasScannedForEncodings = 0;
			knownRegions = (
				en,
				Base,
			);
			mainGroup = BB1AD77821A5363200FE02B4;
			productRefGroup = BB1AD78221A5363200FE02B4 /* Products */;
			projectDirPath = "";
			projectRoot = "";
			targets = (
				BB1AD78021A5363200FE02B4 /* ORBCalendarActionFlow */,
			);
		};
/* End PBXProject section */

/* Begin PBXResourcesBuildPhase section */
		BB1AD77F21A5363200FE02B4 /* Resources */ = {
			isa = PBXResourcesBuildPhase;
			buildActionMask = 2147483647;
			files = (
				BB1AD7D221A53CA300FE02B4 /* LaunchScreen.storyboard in Resources */,
				BB1AD7CD21A537CB00FE02B4 /* Default-568h@2x.png in Resources */,
				BB1AD78E21A5363600FE02B4 /* Assets.xcassets in Resources */,
				BB1AD7D121A53C9F00FE02B4 /* Main.storyboard in Resources */,
			);
			runOnlyForDeploymentPostprocessing = 0;
		};
/* End PBXResourcesBuildPhase section */

/* Begin PBXSourcesBuildPhase section */
		BB1AD77D21A5363200FE02B4 /* Sources */ = {
			isa = PBXSourcesBuildPhase;
			buildActionMask = 2147483647;
			files = (
				BB1AD7C821A536DF00FE02B4 /* FSCalendarConstants.m in Sources */,
				BB1AD7BE21A536DF00FE02B4 /* FSCalendarDelegateProxy.m in Sources */,
				BB1AD7C721A536DF00FE02B4 /* FSCalendar+Deprecated.m in Sources */,
				BB1AD7C921A536DF00FE02B4 /* FSCalendarCalculator.m in Sources */,
				BB1AD7C121A536DF00FE02B4 /* FSCalendarStickyHeader.m in Sources */,
				BB1AD7CB21A536DF00FE02B4 /* FSCalendarAppearance.m in Sources */,
				BB1AD78921A5363200FE02B4 /* ViewController.m in Sources */,
				BB1AD7C321A536DF00FE02B4 /* FSCalendarCollectionViewLayout.m in Sources */,
				BB1AD79D21A5369900FE02B4 /* ORBCalendarActionFlow.m in Sources */,
				BB1AD7C221A536DF00FE02B4 /* FSCalendar.m in Sources */,
				BB1AD7C521A536DF00FE02B4 /* FSCalendarWeekdayView.m in Sources */,
				BB1AD7BD21A536DF00FE02B4 /* FSCalendarCollectionView.m in Sources */,
				BB1AD79421A5363600FE02B4 /* main.m in Sources */,
				BB1AD78621A5363200FE02B4 /* AppDelegate.m in Sources */,
				BB1AD7C621A536DF00FE02B4 /* FSCalendarExtensions.m in Sources */,
				BB1AD7C021A536DF00FE02B4 /* FSCalendarCell.m in Sources */,
				BB1AD7BF21A536DF00FE02B4 /* FSCalendarAnimator.m in Sources */,
				BB1AD7CA21A536DF00FE02B4 /* FSCalendarHeaderView.m in Sources */,
				BB1AD7C421A536DF00FE02B4 /* FSCalendarScopeHandle.m in Sources */,
			);
			runOnlyForDeploymentPostprocessing = 0;
		};
/* End PBXSourcesBuildPhase section */

/* Begin PBXVariantGroup section */
		BB1AD78A21A5363200FE02B4 /* Main.storyboard */ = {
			isa = PBXVariantGroup;
			children = (
				BB1AD78B21A5363200FE02B4 /* Base */,
			);
			name = Main.storyboard;
			sourceTree = "<group>";
		};
		BB1AD78F21A5363600FE02B4 /* LaunchScreen.storyboard */ = {
			isa = PBXVariantGroup;
			children = (
				BB1AD79021A5363600FE02B4 /* Base */,
			);
			name = LaunchScreen.storyboard;
			sourceTree = "<group>";
		};
/* End PBXVariantGroup section */

/* Begin XCBuildConfiguration section */
		BB1AD79521A5363600FE02B4 /* Debug */ = {
			isa = XCBuildConfiguration;
			buildSettings = {
				ALWAYS_SEARCH_USER_PATHS = NO;
				CLANG_ANALYZER_NONNULL = YES;
				CLANG_ANALYZER_NUMBER_OBJECT_CONVERSION = YES_AGGRESSIVE;
				CLANG_CXX_LANGUAGE_STANDARD = "gnu++14";
				CLANG_CXX_LIBRARY = "libc++";
				CLANG_ENABLE_MODULES = YES;
				CLANG_ENABLE_OBJC_ARC = YES;
				CLANG_ENABLE_OBJC_WEAK = YES;
				CLANG_WARN_BLOCK_CAPTURE_AUTORELEASING = YES;
				CLANG_WARN_BOOL_CONVERSION = YES;
				CLANG_WARN_COMMA = YES;
				CLANG_WARN_CONSTANT_CONVERSION = YES;
				CLANG_WARN_DEPRECATED_OBJC_IMPLEMENTATIONS = YES;
				CLANG_WARN_DIRECT_OBJC_ISA_USAGE = YES_ERROR;
				CLANG_WARN_DOCUMENTATION_COMMENTS = YES;
				CLANG_WARN_EMPTY_BODY = YES;
				CLANG_WARN_ENUM_CONVERSION = YES;
				CLANG_WARN_INFINITE_RECURSION = YES;
				CLANG_WARN_INT_CONVERSION = YES;
				CLANG_WARN_NON_LITERAL_NULL_CONVERSION = YES;
				CLANG_WARN_OBJC_IMPLICIT_RETAIN_SELF = YES;
				CLANG_WARN_OBJC_LITERAL_CONVERSION = YES;
				CLANG_WARN_OBJC_ROOT_CLASS = YES_ERROR;
				CLANG_WARN_RANGE_LOOP_ANALYSIS = YES;
				CLANG_WARN_STRICT_PROTOTYPES = YES;
				CLANG_WARN_SUSPICIOUS_MOVE = YES;
				CLANG_WARN_UNGUARDED_AVAILABILITY = YES_AGGRESSIVE;
				CLANG_WARN_UNREACHABLE_CODE = YES;
				CLANG_WARN__DUPLICATE_METHOD_MATCH = YES;
				CODE_SIGN_IDENTITY = "iPhone Developer";
				COPY_PHASE_STRIP = NO;
				DEBUG_INFORMATION_FORMAT = dwarf;
				ENABLE_STRICT_OBJC_MSGSEND = YES;
				ENABLE_TESTABILITY = YES;
				GCC_C_LANGUAGE_STANDARD = gnu11;
				GCC_DYNAMIC_NO_PIC = NO;
				GCC_NO_COMMON_BLOCKS = YES;
				GCC_OPTIMIZATION_LEVEL = 0;
				GCC_PREPROCESSOR_DEFINITIONS = (
					"DEBUG=1",
					"$(inherited)",
				);
				GCC_WARN_64_TO_32_BIT_CONVERSION = YES;
				GCC_WARN_ABOUT_RETURN_TYPE = YES_ERROR;
				GCC_WARN_UNDECLARED_SELECTOR = YES;
				GCC_WARN_UNINITIALIZED_AUTOS = YES_AGGRESSIVE;
				GCC_WARN_UNUSED_FUNCTION = YES;
				GCC_WARN_UNUSED_VARIABLE = YES;
				IPHONEOS_DEPLOYMENT_TARGET = 12.1;
				MTL_ENABLE_DEBUG_INFO = INCLUDE_SOURCE;
				MTL_FAST_MATH = YES;
				ONLY_ACTIVE_ARCH = YES;
				SDKROOT = iphoneos;
			};
			name = Debug;
		};
		BB1AD79621A5363600FE02B4 /* Release */ = {
			isa = XCBuildConfiguration;
			buildSettings = {
				ALWAYS_SEARCH_USER_PATHS = NO;
				CLANG_ANALYZER_NONNULL = YES;
				CLANG_ANALYZER_NUMBER_OBJECT_CONVERSION = YES_AGGRESSIVE;
				CLANG_CXX_LANGUAGE_STANDARD = "gnu++14";
				CLANG_CXX_LIBRARY = "libc++";
				CLANG_ENABLE_MODULES = YES;
				CLANG_ENABLE_OBJC_ARC = YES;
				CLANG_ENABLE_OBJC_WEAK = YES;
				CLANG_WARN_BLOCK_CAPTURE_AUTORELEASING = YES;
				CLANG_WARN_BOOL_CONVERSION = YES;
				CLANG_WARN_COMMA = YES;
				CLANG_WARN_CONSTANT_CONVERSION = YES;
				CLANG_WARN_DEPRECATED_OBJC_IMPLEMENTATIONS = YES;
				CLANG_WARN_DIRECT_OBJC_ISA_USAGE = YES_ERROR;
				CLANG_WARN_DOCUMENTATION_COMMENTS = YES;
				CLANG_WARN_EMPTY_BODY = YES;
				CLANG_WARN_ENUM_CONVERSION = YES;
				CLANG_WARN_INFINITE_RECURSION = YES;
				CLANG_WARN_INT_CONVERSION = YES;
				CLANG_WARN_NON_LITERAL_NULL_CONVERSION = YES;
				CLANG_WARN_OBJC_IMPLICIT_RETAIN_SELF = YES;
				CLANG_WARN_OBJC_LITERAL_CONVERSION = YES;
				CLANG_WARN_OBJC_ROOT_CLASS = YES_ERROR;
				CLANG_WARN_RANGE_LOOP_ANALYSIS = YES;
				CLANG_WARN_STRICT_PROTOTYPES = YES;
				CLANG_WARN_SUSPICIOUS_MOVE = YES;
				CLANG_WARN_UNGUARDED_AVAILABILITY = YES_AGGRESSIVE;
				CLANG_WARN_UNREACHABLE_CODE = YES;
				CLANG_WARN__DUPLICATE_METHOD_MATCH = YES;
				CODE_SIGN_IDENTITY = "iPhone Developer";
				COPY_PHASE_STRIP = NO;
				DEBUG_INFORMATION_FORMAT = "dwarf-with-dsym";
				ENABLE_NS_ASSERTIONS = NO;
				ENABLE_STRICT_OBJC_MSGSEND = YES;
				GCC_C_LANGUAGE_STANDARD = gnu11;
				GCC_NO_COMMON_BLOCKS = YES;
				GCC_WARN_64_TO_32_BIT_CONVERSION = YES;
				GCC_WARN_ABOUT_RETURN_TYPE = YES_ERROR;
				GCC_WARN_UNDECLARED_SELECTOR = YES;
				GCC_WARN_UNINITIALIZED_AUTOS = YES_AGGRESSIVE;
				GCC_WARN_UNUSED_FUNCTION = YES;
				GCC_WARN_UNUSED_VARIABLE = YES;
				IPHONEOS_DEPLOYMENT_TARGET = 12.1;
				MTL_ENABLE_DEBUG_INFO = NO;
				MTL_FAST_MATH = YES;
				SDKROOT = iphoneos;
				VALIDATE_PRODUCT = YES;
			};
			name = Release;
		};
		BB1AD79821A5363600FE02B4 /* Debug */ = {
			isa = XCBuildConfiguration;
			buildSettings = {
				ASSETCATALOG_COMPILER_APPICON_NAME = AppIcon;
				CODE_SIGN_STYLE = Automatic;
				DEVELOPMENT_TEAM = PENCTKKS5N;
				INFOPLIST_FILE = ORBCalendarActionFlow/Info.plist;
				IPHONEOS_DEPLOYMENT_TARGET = 9.0;
				LD_RUNPATH_SEARCH_PATHS = (
					"$(inherited)",
					"@executable_path/Frameworks",
				);
				PRODUCT_BUNDLE_IDENTIFIER = com.orbweb.ORBCalendarActionFlow;
				PRODUCT_NAME = "$(TARGET_NAME)";
				TARGETED_DEVICE_FAMILY = "1,2";
			};
			name = Debug;
		};
		BB1AD79921A5363600FE02B4 /* Release */ = {
			isa = XCBuildConfiguration;
			buildSettings = {
				ASSETCATALOG_COMPILER_APPICON_NAME = AppIcon;
				CODE_SIGN_STYLE = Automatic;
				DEVELOPMENT_TEAM = PENCTKKS5N;
				INFOPLIST_FILE = ORBCalendarActionFlow/Info.plist;
				IPHONEOS_DEPLOYMENT_TARGET = 9.0;
				LD_RUNPATH_SEARCH_PATHS = (
					"$(inherited)",
					"@executable_path/Frameworks",
				);
				PRODUCT_BUNDLE_IDENTIFIER = com.orbweb.ORBCalendarActionFlow;
				PRODUCT_NAME = "$(TARGET_NAME)";
				TARGETED_DEVICE_FAMILY = "1,2";
			};
			name = Release;
		};
/* End XCBuildConfiguration section */

/* Begin XCConfigurationList section */
		BB1AD77C21A5363200FE02B4 /* Build configuration list for PBXProject "ORBCalendarActionFlow" */ = {
			isa = XCConfigurationList;
			buildConfigurations = (
				BB1AD79521A5363600FE02B4 /* Debug */,
				BB1AD79621A5363600FE02B4 /* Release */,
			);
			defaultConfigurationIsVisible = 0;
			defaultConfigurationName = Release;
		};
		BB1AD79721A5363600FE02B4 /* Build configuration list for PBXNativeTarget "ORBCalendarActionFlow" */ = {
			isa = XCConfigurationList;
			buildConfigurations = (
				BB1AD79821A5363600FE02B4 /* Debug */,
				BB1AD79921A5363600FE02B4 /* Release */,
			);
			defaultConfigurationIsVisible = 0;
			defaultConfigurationName = Release;
		};
/* End XCConfigurationList section */
	};
	rootObject = BB1AD77921A5363200FE02B4 /* Project object */;
}
